
Microsoft Visual Studio Solution File, Format Version 12.00
# Visual Studio Version 16
VisualStudioVersion = 16.0.29926.136
MinimumVisualStudioVersion = 10.0.40219.1
Project("{FAE04EC0-301F-11D3-BF4B-00C04F79EFBC}") = "TCP Client", "TCP Client\TCP Client.csproj", "{57068A1B-2E9A-4AF3-A74F-014CB3724A9F}"
EndProject
Global
	GlobalSection(SolutionConfigurationPlatforms) = preSolution
		Debug|Any CPU = Debug|Any CPU
		Release|Any CPU = Release|Any CPU
	EndGlobalSection
	GlobalSection(ProjectConfigurationPlatforms) = postSolution
		{57068A1B-2E9A-4AF3-A74F-014CB3724A9F}.Debug|Any CPU.ActiveCfg = Debug|Any CPU
		{57068A1B-2E9A-4AF3-A74F-014CB3724A9F}.Debug|Any CPU.Build.0 = Debug|Any CPU
		{57068A1B-2E9A-4AF3-A74F-014CB3724A9F}.Release|Any CPU.ActiveCfg = Release|Any CPU
		{57068A1B-2E9A-4AF3-A74F-014CB3724A9F}.Release|Any CPU.Build.0 = Release|Any CPU
	EndGlobalSection
	GlobalSection(SolutionProperties) = preSolution
		HideSolutionNode = FALSE
	EndGlobalSection
	GlobalSection(ExtensibilityGlobals) = postSolution
		SolutionGuid = {E8E38DFF-BF18-44C4-B6DB-041C07387E8E}
	EndGlobalSection
EndGlobal
